lockfileVersion: '9.0'

settings:
  autoInstallPeers: true
  excludeLinksFromLockfile: false

importers:

  .:
    dependencies:
      '@datastructures-js/priority-queue':
        specifier: ^4.2.0
        version: 4.2.0

packages:

  '@datastructures-js/heap@2.0.0':
    resolution: {integrity: sha512-LIbt3dAK7v7VPoDQ/hNO3KSlUdPLkO74m1A/c+guKhoBiY1192F2Nt0moHU0wyWw/sUV9zAnw1GPyGsS7401ZQ==}

  '@datastructures-js/priority-queue@4.2.0':
    resolution: {integrity: sha512-/LUZtUIvTUbWNuRxy4NPLZfPbXP09ygQO5Zup4Qlu+rV3X6cYFcruE3y6RvWDOvWX7uazcilfqLzf1k4vWBvXQ==}

snapshots:

  '@datastructures-js/heap@2.0.0': {}

  '@datastructures-js/priority-queue@4.2.0':
    dependencies:
      '@datastructures-js/heap': 2.0.0
